{
  "version": 4,
  "terraform_version": "1.13.5",
  "serial": 169,
  "lineage": "38a4a0f7-911d-22eb-862c-10945fe92877",
  "outputs": {
    "cluster_endpoint": {
      "value": "https://D49EB76222DF67EB010C79EF25657BDA.gr7.ap-south-1.eks.amazonaws.com",
      "type": "string"
    },
    "cluster_id": {
      "value": "eks-masterclass-cluster",
      "type": "string"
    },
    "cluster_name": {
      "value": "eks-masterclass-cluster",
      "type": "string"
    },
    "configure_kubectl": {
      "value": "aws eks update-kubeconfig --region ap-south-1 --name eks-masterclass-cluster",
      "type": "string"
    },
    "subnets": {
      "value": [
        "subnet-0f93e0ddf5b786d62",
        "subnet-05ecc48277e46cd48",
        "subnet-035efa47016b33e4f",
        "subnet-091c5eda3f38dfd20"
      ],
      "type": [
        "list",
        "string"
      ]
    },
    "vpc_id": {
      "value": "vpc-0ad60f80fb1b40cf4",
      "type": "string"
    }
  },
  "resources": [
    {
      "mode": "data",
      "type": "aws_subnets",
      "name": "existing",
      "provider": "provider[\"registry.terraform.io/hashicorp/aws\"]",
      "instances": [
        {
          "schema_version": 0,
          "attributes": {
            "filter": [
              {
                "name": "vpc-id",
                "values": [
                  "vpc-0ad60f80fb1b40cf4"
                ]
              }
            ],
            "id": "ap-south-1",
            "ids": [
              "subnet-0f93e0ddf5b786d62",
              "subnet-05ecc48277e46cd48",
              "subnet-035efa47016b33e4f",
              "subnet-091c5eda3f38dfd20"
            ],
            "tags": null,
            "timeouts": null
          },
          "sensitive_attributes": [],
          "identity_schema_version": 0
        }
      ]
    },
    {
      "mode": "data",
      "type": "aws_vpc",
      "name": "existing",
      "provider": "provider[\"registry.terraform.io/hashicorp/aws\"]",
      "instances": [
        {
          "schema_version": 0,
          "attributes": {
            "arn": "arn:aws:ec2:ap-south-1:454143665149:vpc/vpc-0ad60f80fb1b40cf4",
            "cidr_block": "10.0.0.0/20",
            "cidr_block_associations": [
              {
                "association_id": "vpc-cidr-assoc-0d16e5c0fef6d1e49",
                "cidr_block": "10.0.0.0/20",
                "state": "associated"
              }
            ],
            "default": false,
            "dhcp_options_id": "dopt-2db72344",
            "enable_dns_hostnames": true,
            "enable_dns_support": true,
            "enable_network_address_usage_metrics": false,
            "filter": null,
            "id": "vpc-0ad60f80fb1b40cf4",
            "instance_tenancy": "default",
            "ipv6_association_id": "",
            "ipv6_cidr_block": "",
            "main_route_table_id": "rtb-05610598d213d0f21",
            "owner_id": "454143665149",
            "state": null,
            "tags": {
              "Name": "savnet-vpc",
              "Owner": "amit.singh@einfochips.com"
            },
            "timeouts": null
          },
          "sensitive_attributes": [],
          "identity_schema_version": 0
        }
      ]
    },
    {
      "mode": "managed",
      "type": "aws_cloudwatch_log_group",
      "name": "this",
      "provider": "provider[\"registry.terraform.io/hashicorp/aws\"]",
      "instances": [
        {
          "schema_version": 0,
          "attributes": {
            "arn": "arn:aws:logs:ap-south-1:454143665149:log-group:/aws/eks/eks-masterclass-cluster/cluster",
            "id": "/aws/eks/eks-masterclass-cluster/cluster",
            "kms_key_id": "",
            "log_group_class": "STANDARD",
            "name": "/aws/eks/eks-masterclass-cluster/cluster",
            "name_prefix": "",
            "retention_in_days": 7,
            "skip_destroy": false,
            "tags": {
              "DM": "Shahid Raza",
              "Department": "PES-Digital",
              "ENDDate": "30-11-2025",
              "Environment": "dev",
              "ManagedBy": "Terraform",
              "Name": "eks-masterclass-cluster-dev",
              "Owner": "imran.shaikh@einfochips.com",
              "Project": "Internal POC"
            },
            "tags_all": {
              "DM": "Shahid Raza",
              "Department": "PES-Digital",
              "ENDDate": "30-11-2025",
              "Environment": "dev",
              "ManagedBy": "Terraform",
              "Name": "eks-masterclass-cluster-dev",
              "Owner": "imran.shaikh@einfochips.com",
              "Project": "Internal POC"
            }
          },
          "sensitive_attributes": [],
          "identity_schema_version": 0,
          "private": "bnVsbA=="
        }
      ]
    },
    {
      "mode": "managed",
      "type": "aws_eks_cluster",
      "name": "this",
      "provider": "provider[\"registry.terraform.io/hashicorp/aws\"]",
      "instances": [
        {
          "schema_version": 1,
          "attributes": {
            "access_config": [
              {
                "authentication_mode": "CONFIG_MAP",
                "bootstrap_cluster_creator_admin_permissions": true
              }
            ],
            "arn": "arn:aws:eks:ap-south-1:454143665149:cluster/eks-masterclass-cluster",
            "bootstrap_self_managed_addons": true,
            "certificate_authority": [
              {
                "data": "LS0tLS1CRUdJTiBDRVJUSUZJQ0FURS0tLS0tCk1JSURCVENDQWUyZ0F3SUJBZ0lJTTdtOVBNRy96SFV3RFFZSktvWklodmNOQVFFTEJRQXdGVEVUTUJFR0ExVUUKQXhNS2EzVmlaWEp1WlhSbGN6QWVGdzB5TlRFeE1UY3hNREUyTWpKYUZ3MHpOVEV4TVRVeE1ESXhNakphTUJVeApFekFSQmdOVkJBTVRDbXQxWW1WeWJtVjBaWE13Z2dFaU1BMEdDU3FHU0liM0RRRUJBUVVBQTRJQkR3QXdnZ0VLCkFvSUJBUURlZEszeVdISitKa1JGdjl0NTZ5dzVjblJUaHkrSWNhT3NNVlA4RnExSnZZazJNd24zN1FGdjI5K1gKWFdGWDk0b0sxR0kvL2xSUnNPNFZEMjJQKzlHeE0zclVSTTN5VUI4QUVKVTc5UEFwRmN4Skp2RXVaWlBZa1dCTwpjUDVheFdRQmhuVERTTGNzdXMwMXNBWW9LbS9FZXJJU2ZGR2ljSExwSjNDWWJkbEJTeUVseFRwR2RxOUZ5aWhsCnB0WU9mNkNPS09wa2RzWVY2SS9DVFQ3N1laQW1xamJ4RUN4SmhpaG1mcXpmK2dha3VBQkZJZkh3OHM1NHl5cmgKRERRUUdOL3Bpc2FndUw5bnRMZ2FJcGJ1ZXFHSTV1YXRtUDdGUDBJM3FJMzlpb3Q3aHhsaVFHL3VYd2o5SEtQUgozYVVsMEQzOGg1U1IrUmhvaTRNZGF0QXJ0ZUVmQWdNQkFBR2pXVEJYTUE0R0ExVWREd0VCL3dRRUF3SUNwREFQCkJnTlZIUk1CQWY4RUJUQURBUUgvTUIwR0ExVWREZ1FXQkJRanJlTklYQWU2bG9ZYWk1Nlp3Q0ZtN2JlUFZ6QVYKQmdOVkhSRUVEakFNZ2dwcmRXSmxjbTVsZEdWek1BMEdDU3FHU0liM0RRRUJDd1VBQTRJQkFRQkROT3I3a2haVwpQdzJzZU5YK0VocTFmU05IZ09yY2wwTE92MVd3ek5uWkM4S2wwNC9mQVY0cllDcXFFRFdtSnRkYVc2SEsxd0R3ClgyQkxoLzBKcG1aNEs2d25qWVBQcmY5R1BsaS9QaXNHUWlray8yamNvbytpMDBQVTcwUUJKMHByamo0TGRuUnEKWW94LzU3cHJYS2RRY0lDbXJDenk3MDlxRkw4OC9Vc3luZVV2ZngrSjBuSkpmTUxkcW5TaFlveUpWRGswR2E1VApsbkliR3dYWUZQeWZkMUlESjdXZ2RkQ3h2QkVKV1ltdURZdUtjSnQ0dU1wT2hxSDJqR0FjOTN0TmtCUkFxN0o5CmdVQS9YMzZ0WG0vNVN6REdPYVFGOXdONzkzTDQyOWRnZi9tQmZNcHNLa0ZxeXNYelpuVVA3VG9zTk0zaHpiaEsKaXZtOTlZbjNqZ0tBCi0tLS0tRU5EIENFUlRJRklDQVRFLS0tLS0K"
              }
            ],
            "cluster_id": null,
            "compute_config": [],
            "created_at": "2025-11-17T10:15:53Z",
            "enabled_cluster_log_types": [
              "api",
              "audit"
            ],
            "encryption_config": [],
            "endpoint": "https://D49EB76222DF67EB010C79EF25657BDA.gr7.ap-south-1.eks.amazonaws.com",
            "force_update_version": null,
            "id": "eks-masterclass-cluster",
            "identity": [
              {
                "oidc": [
                  {
                    "issuer": "https://oidc.eks.ap-south-1.amazonaws.com/id/D49EB76222DF67EB010C79EF25657BDA"
                  }
                ]
              }
            ],
            "kubernetes_network_config": [
              {
                "elastic_load_balancing": [
                  {
                    "enabled": false
                  }
                ],
                "ip_family": "ipv4",
                "service_ipv4_cidr": "172.20.0.0/16",
                "service_ipv6_cidr": ""
              }
            ],
            "name": "eks-masterclass-cluster",
            "outpost_config": [],
            "platform_version": "eks.62",
            "remote_network_config": [],
            "role_arn": "arn:aws:iam::454143665149:role/eks-masterclass-cluster-cluster-role",
            "status": "ACTIVE",
            "storage_config": [],
            "tags": {
              "DM": "Shahid Raza",
              "Department": "PES-Digital",
              "ENDDate": "30-11-2025",
              "Environment": "dev",
              "ManagedBy": "Terraform",
              "Name": "eks-masterclass-cluster-dev",
              "Owner": "imran.shaikh@einfochips.com",
              "Project": "Internal POC"
            },
            "tags_all": {
              "DM": "Shahid Raza",
              "Department": "PES-Digital",
              "ENDDate": "30-11-2025",
              "Environment": "dev",
              "ManagedBy": "Terraform",
              "Name": "eks-masterclass-cluster-dev",
              "Owner": "imran.shaikh@einfochips.com",
              "Project": "Internal POC"
            },
            "timeouts": null,
            "upgrade_policy": [
              {
                "support_type": "EXTENDED"
              }
            ],
            "version": "1.28",
            "vpc_config": [
              {
                "cluster_security_group_id": "sg-034b3c2cde56273f8",
                "endpoint_private_access": false,
                "endpoint_public_access": true,
                "public_access_cidrs": [
                  "106.215.176.143/32"
                ],
                "security_group_ids": [],
                "subnet_ids": [
                  "subnet-035efa47016b33e4f",
                  "subnet-05ecc48277e46cd48",
                  "subnet-091c5eda3f38dfd20",
                  "subnet-0f93e0ddf5b786d62"
                ],
                "vpc_id": "vpc-0ad60f80fb1b40cf4"
              }
            ],
            "zonal_shift_config": []
          },
          "sensitive_attributes": [],
          "identity_schema_version": 0,
          "private": "eyJlMmJmYjczMC1lY2FhLTExZTYtOGY4OC0zNDM2M2JjN2M0YzAiOnsiY3JlYXRlIjoxODAwMDAwMDAwMDAwLCJkZWxldGUiOjkwMDAwMDAwMDAwMCwidXBkYXRlIjozNjAwMDAwMDAwMDAwfSwic2NoZW1hX3ZlcnNpb24iOiIxIn0=",
          "dependencies": [
            "aws_iam_role.cluster",
            "aws_iam_role_policy_attachment.cluster_AmazonEKSClusterPolicy",
            "data.aws_subnets.existing",
            "data.aws_vpc.existing"
          ]
        }
      ]
    },
    {
      "mode": "managed",
      "type": "aws_eks_node_group",
      "name": "this",
      "provider": "provider[\"registry.terraform.io/hashicorp/aws\"]",
      "instances": [
        {
          "status": "tainted",
          "schema_version": 0,
          "attributes": {
            "ami_type": null,
            "arn": null,
            "capacity_type": "ON_DEMAND",
            "cluster_name": "eks-masterclass-cluster",
            "disk_size": null,
            "force_update_version": null,
            "id": "eks-masterclass-cluster:general-nodes",
            "instance_types": [
              "t3.medium"
            ],
            "labels": null,
            "launch_template": [],
            "node_group_name": "general-nodes",
            "node_group_name_prefix": null,
            "node_repair_config": null,
            "node_role_arn": "arn:aws:iam::454143665149:role/eks-masterclass-cluster-node-group-role",
            "release_version": null,
            "remote_access": [],
            "resources": null,
            "scaling_config": [
              {
                "desired_size": 2,
                "max_size": 4,
                "min_size": 2
              }
            ],
            "status": null,
            "subnet_ids": [
              "subnet-035efa47016b33e4f",
              "subnet-05ecc48277e46cd48",
              "subnet-091c5eda3f38dfd20",
              "subnet-0f93e0ddf5b786d62"
            ],
            "tags": {
              "DM": "Shahid Raza",
              "Department": "PES-Digital",
              "ENDDate": "30-11-2025",
              "Environment": "dev",
              "ManagedBy": "Terraform",
              "Name": "eks-masterclass-cluster-dev",
              "Owner": "imran.shaikh@einfochips.com",
              "Project": "Internal POC"
            },
            "tags_all": {
              "DM": "Shahid Raza",
              "Department": "PES-Digital",
              "ENDDate": "30-11-2025",
              "Environment": "dev",
              "ManagedBy": "Terraform",
              "Name": "eks-masterclass-cluster-dev",
              "Owner": "imran.shaikh@einfochips.com",
              "Project": "Internal POC"
            },
            "taint": [],
            "timeouts": null,
            "update_config": [
              {
                "max_unavailable": 1,
                "max_unavailable_percentage": 0
              }
            ],
            "version": null
          },
          "sensitive_attributes": [],
          "identity_schema_version": 0,
          "private": "eyJlMmJmYjczMC1lY2FhLTExZTYtOGY4OC0zNDM2M2JjN2M0YzAiOnsiY3JlYXRlIjozNjAwMDAwMDAwMDAwLCJkZWxldGUiOjM2MDAwMDAwMDAwMDAsInVwZGF0ZSI6MzYwMDAwMDAwMDAwMH19",
          "dependencies": [
            "aws_eks_cluster.this",
            "aws_iam_role.cluster",
            "aws_iam_role.node_group",
            "aws_iam_role_policy_attachment.cluster_AmazonEKSClusterPolicy",
            "aws_iam_role_policy_attachment.node_group_AmazonEC2ContainerRegistryReadOnly",
            "aws_iam_role_policy_attachment.node_group_AmazonEKSWorkerNodePolicy",
            "aws_iam_role_policy_attachment.node_group_AmazonEKS_CNI_Policy",
            "data.aws_subnets.existing",
            "data.aws_vpc.existing"
          ]
        }
      ]
    },
    {
      "mode": "managed",
      "type": "aws_iam_role",
      "name": "cluster",
      "provider": "provider[\"registry.terraform.io/hashicorp/aws\"]",
      "instances": [
        {
          "schema_version": 0,
          "attributes": {
            "arn": "arn:aws:iam::454143665149:role/eks-masterclass-cluster-cluster-role",
            "assume_role_policy": "{\"Statement\":[{\"Action\":\"sts:AssumeRole\",\"Effect\":\"Allow\",\"Principal\":{\"Service\":\"eks.amazonaws.com\"}}],\"Version\":\"2012-10-17\"}",
            "create_date": "2025-11-17T10:15:49Z",
            "description": "",
            "force_detach_policies": false,
            "id": "eks-masterclass-cluster-cluster-role",
            "inline_policy": [],
            "managed_policy_arns": [
              "arn:aws:iam::aws:policy/AmazonEKSClusterPolicy"
            ],
            "max_session_duration": 3600,
            "name": "eks-masterclass-cluster-cluster-role",
            "name_prefix": "",
            "path": "/",
            "permissions_boundary": "",
            "tags": {
              "DM": "Shahid Raza",
              "Department": "PES-Digital",
              "ENDDate": "30-11-2025",
              "Environment": "dev",
              "ManagedBy": "Terraform",
              "Name": "eks-masterclass-cluster-dev",
              "Owner": "imran.shaikh@einfochips.com",
              "Project": "Internal POC"
            },
            "tags_all": {
              "DM": "Shahid Raza",
              "Department": "PES-Digital",
              "ENDDate": "30-11-2025",
              "Environment": "dev",
              "ManagedBy": "Terraform",
              "Name": "eks-masterclass-cluster-dev",
              "Owner": "imran.shaikh@einfochips.com",
              "Project": "Internal POC"
            },
            "unique_id": "AROAWTPISMP6WBM6XUET6"
          },
          "sensitive_attributes": [],
          "identity_schema_version": 0,
          "private": "bnVsbA=="
        }
      ]
    },
    {
      "mode": "managed",
      "type": "aws_iam_role",
      "name": "node_group",
      "provider": "provider[\"registry.terraform.io/hashicorp/aws\"]",
      "instances": [
        {
          "schema_version": 0,
          "attributes": {
            "arn": "arn:aws:iam::454143665149:role/eks-masterclass-cluster-node-group-role",
            "assume_role_policy": "{\"Statement\":[{\"Action\":\"sts:AssumeRole\",\"Effect\":\"Allow\",\"Principal\":{\"Service\":\"ec2.amazonaws.com\"}}],\"Version\":\"2012-10-17\"}",
            "create_date": "2025-11-17T10:15:49Z",
            "description": "",
            "force_detach_policies": false,
            "id": "eks-masterclass-cluster-node-group-role",
            "inline_policy": [],
            "managed_policy_arns": [
              "arn:aws:iam::aws:policy/AmazonEC2ContainerRegistryReadOnly",
              "arn:aws:iam::aws:policy/AmazonEKSWorkerNodePolicy",
              "arn:aws:iam::aws:policy/AmazonEKS_CNI_Policy"
            ],
            "max_session_duration": 3600,
            "name": "eks-masterclass-cluster-node-group-role",
            "name_prefix": "",
            "path": "/",
            "permissions_boundary": "",
            "tags": {
              "DM": "Shahid Raza",
              "Department": "PES-Digital",
              "ENDDate": "30-11-2025",
              "Environment": "dev",
              "ManagedBy": "Terraform",
              "Name": "eks-masterclass-cluster-dev",
              "Owner": "imran.shaikh@einfochips.com",
              "Project": "Internal POC"
            },
            "tags_all": {
              "DM": "Shahid Raza",
              "Department": "PES-Digital",
              "ENDDate": "30-11-2025",
              "Environment": "dev",
              "ManagedBy": "Terraform",
              "Name": "eks-masterclass-cluster-dev",
              "Owner": "imran.shaikh@einfochips.com",
              "Project": "Internal POC"
            },
            "unique_id": "AROAWTPISMP6QXMIGIGJ4"
          },
          "sensitive_attributes": [],
          "identity_schema_version": 0,
          "private": "bnVsbA=="
        }
      ]
    },
    {
      "mode": "managed",
      "type": "aws_iam_role_policy_attachment",
      "name": "cluster_AmazonEKSClusterPolicy",
      "provider": "provider[\"registry.terraform.io/hashicorp/aws\"]",
      "instances": [
        {
          "schema_version": 0,
          "attributes": {
            "id": "eks-masterclass-cluster-cluster-role-20251117101550979500000001",
            "policy_arn": "arn:aws:iam::aws:policy/AmazonEKSClusterPolicy",
            "role": "eks-masterclass-cluster-cluster-role"
          },
          "sensitive_attributes": [],
          "identity_schema_version": 0,
          "private": "bnVsbA==",
          "dependencies": [
            "aws_iam_role.cluster"
          ]
        }
      ]
    },
    {
      "mode": "managed",
      "type": "aws_iam_role_policy_attachment",
      "name": "node_group_AmazonEC2ContainerRegistryReadOnly",
      "provider": "provider[\"registry.terraform.io/hashicorp/aws\"]",
      "instances": [
        {
          "schema_version": 0,
          "attributes": {
            "id": "eks-masterclass-cluster-node-group-role-20251117101551307500000003",
            "policy_arn": "arn:aws:iam::aws:policy/AmazonEC2ContainerRegistryReadOnly",
            "role": "eks-masterclass-cluster-node-group-role"
          },
          "sensitive_attributes": [],
          "identity_schema_version": 0,
          "private": "bnVsbA==",
          "dependencies": [
            "aws_iam_role.node_group"
          ]
        }
      ]
    },
    {
      "mode": "managed",
      "type": "aws_iam_role_policy_attachment",
      "name": "node_group_AmazonEKSWorkerNodePolicy",
      "provider": "provider[\"registry.terraform.io/hashicorp/aws\"]",
      "instances": [
        {
          "schema_version": 0,
          "attributes": {
            "id": "eks-masterclass-cluster-node-group-role-20251117101551317900000004",
            "policy_arn": "arn:aws:iam::aws:policy/AmazonEKSWorkerNodePolicy",
            "role": "eks-masterclass-cluster-node-group-role"
          },
          "sensitive_attributes": [],
          "identity_schema_version": 0,
          "private": "bnVsbA==",
          "dependencies": [
            "aws_iam_role.node_group"
          ]
        }
      ]
    },
    {
      "mode": "managed",
      "type": "aws_iam_role_policy_attachment",
      "name": "node_group_AmazonEKS_CNI_Policy",
      "provider": "provider[\"registry.terraform.io/hashicorp/aws\"]",
      "instances": [
        {
          "schema_version": 0,
          "attributes": {
            "id": "eks-masterclass-cluster-node-group-role-20251117101550987100000002",
            "policy_arn": "arn:aws:iam::aws:policy/AmazonEKS_CNI_Policy",
            "role": "eks-masterclass-cluster-node-group-role"
          },
          "sensitive_attributes": [],
          "identity_schema_version": 0,
          "private": "bnVsbA==",
          "dependencies": [
            "aws_iam_role.node_group"
          ]
        }
      ]
    }
  ],
  "check_results": null
}
